# @generated - this file is auto-generated by `mise lock` https://mise.jdx.dev/dev-tools/mise-lock.html

lockfile_version = 1

[[tools."aqua:pnpm/pnpm"]]
version = "11.27.0"
backend = "aqua:pnpm/pnpm"
specifiers = ["11.27.0"]

[tools."aqua:pnpm/pnpm"."platforms.linux-arm64"]
checksum = "sha256:1f3c5dbdfe20b011ea86950b4fd61b5918cbde874c099032fe9064f7a53816bf"
url = "https://github.com/pnpm/pnpm/releases/download/v11.27.0/pnpm-linux-arm64.tar.gz"
url_api = "https://api.github.com/repos/pnpm/pnpm/releases/assets/559064653"
provenance = "github-attestations"

[tools."aqua:pnpm/pnpm"."platforms.linux-x64"]
checksum = "sha256:14ed04e631e4563abf3570dda1a365316683149a482b741a2db37e495f6b9cdb"
url = "https://github.com/pnpm/pnpm/releases/download/v11.27.0/pnpm-linux-x64.tar.gz"
url_api = "https://api.github.com/repos/pnpm/pnpm/releases/assets/559064655"
provenance = "github-attestations"

[tools."aqua:pnpm/pnpm"."platforms.macos-arm64"]
checksum = "sha256:9e8724db1d733d651cfe9a55d6de3d59fc8c5e472b9b4e9c2844acafd38c015e"
url = "https://github.com/pnpm/pnpm/releases/download/v11.27.0/pnpm-darwin-arm64.tar.gz"
url_api = "https://api.github.com/repos/pnpm/pnpm/releases/assets/559064654"
provenance = "github-attestations"

[[tools."github:houseabsolute/precious"]]
version = "0.11.0"
backend = "github:houseabsolute/precious"
specifiers = ["0.11.0"]

[tools."github:houseabsolute/precious"."platforms.linux-arm64"]
checksum = "sha256:44d98091a988671786a99d8025b169c76bb08718ffa8f793a80ae1aa97ca5472"
url = "https://github.com/houseabsolute/precious/releases/download/v0.11.0/precious-Linux-musl-arm64.tar.gz"
url_api = "https://api.github.com/repos/houseabsolute/precious/releases/assets/434639525"

[tools."github:houseabsolute/precious"."platforms.linux-x64"]
checksum = "sha256:6a267a3e309ebd39ef36352e283b2ad70066ccb61e4b04785afbd85df3fa76b4"
url = "https://github.com/houseabsolute/precious/releases/download/v0.11.0/precious-Linux-musl-x86_64.tar.gz"
url_api = "https://api.github.com/repos/houseabsolute/precious/releases/assets/434639494"

[tools."github:houseabsolute/precious"."platforms.macos-arm64"]
checksum = "sha256:e6cbdba5261c15e3eb9208af928facff50c883bb11c0dd0c10766379285c75b9"
url = "https://github.com/houseabsolute/precious/releases/download/v0.11.0/precious-macOS-arm64.tar.gz"
url_api = "https://api.github.com/repos/houseabsolute/precious/releases/assets/434639276"

[tools."github:houseabsolute/precious"."platforms.macos-x64"]
checksum = "sha256:5500304c379686acd0cb852ad9f32e20baaab939f7fbc1f75f1ec0583f4bd676"
url = "https://github.com/houseabsolute/precious/releases/download/v0.11.0/precious-macOS-x86_64.tar.gz"
url_api = "https://api.github.com/repos/houseabsolute/precious/releases/assets/434639281"

[[tools.go]]
version = "1.25.7"
backend = "core:go"
specifiers = ["1.25"]

[tools.go."platforms.linux-arm64"]
checksum = "sha256:ba611a53534135a81067240eff9508cd7e256c560edd5d8c2fef54f083c07129"
url = "https://dl.google.com/go/go1.25.7.linux-arm64.tar.gz"

[tools.go."platforms.linux-x64"]
checksum = "sha256:12e6d6a191091ae27dc31f6efc630e3a3b8ba409baf3573d955b196fdf086005"
url = "https://dl.google.com/go/go1.25.7.linux-amd64.tar.gz"

[tools.go."platforms.macos-arm64"]
checksum = "sha256:ff18369ffad05c57d5bed888b660b31385f3c913670a83ef557cdfd98ea9ae1b"
url = "https://dl.google.com/go/go1.25.7.darwin-arm64.tar.gz"

[tools.go."platforms.macos-x64"]
checksum = "sha256:bf5050a2152f4053837b886e8d9640c829dbacbc3370f913351eb0904cb706f5"
url = "https://dl.google.com/go/go1.25.7.darwin-amd64.tar.gz"

[[tools.node]]
version = "24.21.0"
backend = "core:node"
specifiers = ["24"]

[tools.node."platforms.linux-arm64"]
checksum = "sha256:724282c3b43aec998aa9527380465b45d229e021b58035f5f4f63095eabfe5d5"
url = "https://nodejs.org/dist/v24.21.0/node-v24.21.0-linux-arm64.tar.gz"

[tools.node."platforms.linux-x64"]
checksum = "sha256:6e1db87ef58b8819e5d5402eff1536491b18edd8eb7bee5ef7897876e88dc5ff"
url = "https://nodejs.org/dist/v24.21.0/node-v24.21.0-linux-x64.tar.gz"

[tools.node."platforms.macos-arm64"]
checksum = "sha256:bed7eea5325e1108f32ce5228ddd6a5f0f08a499ee42aa7442aea583702f6057"
url = "https://nodejs.org/dist/v24.21.0/node-v24.21.0-darwin-arm64.tar.gz"

[tools.node."platforms.macos-x64"]
checksum = "sha256:1462cb3b3046b815cf8ea436d3da450ec1a9f11dac7e5a46b0ada5305d7e8097"
url = "https://nodejs.org/dist/v24.21.0/node-v24.21.0-darwin-x64.tar.gz"
