lockfileVersion: '9.0'

settings:
  autoInstallPeers: true
  excludeLinksFromLockfile: false

importers:

  .:
    devDependencies:
      '@redocly/cli':
        specifier: ^2.54.3
        version: 2.54.3
      prettier:
        specifier: ^3.9.9
        version: 3.9.9

packages:

  '@redocly/cli@2.54.3':
    resolution: {integrity: sha512-tgjCjKm9NjcbN0N04dylwUw8eZzematq07JHm+dVyPkAfA/eZEN57En7jpUYrPvwOb53MJLfDB/0qJ5iz/4eHQ==}
    engines: {node: '>=22.12.0 || >=20.19.0 <21.0.0', npm: '>=10'}
    hasBin: true

  prettier@3.9.9:
    resolution: {integrity: sha512-Z/CJHIkdujO/OtN7nXUii0Rf3VT5SRuhjBA82Xvu2XhBUgX3nhP67T0LHceBdQLex7OOFGTox+Q5Yg8Jk2Qivg==}
    engines: {node: '>=14'}
    hasBin: true

snapshots:

  '@redocly/cli@2.54.3': {}

  prettier@3.9.9: {}
